// !$*UTF8*$!
{
	archiveVersion = 1;
	classes = {
	};
	objectVersion = 77;
	objects = {

/* Begin PBXBuildFile section */
		F2243C742F047B7A0014071A /* FirebaseAuth in Frameworks */ = {isa = PBXBuildFile; productRef = F2243C732F047B7A0014071A /* FirebaseAuth */; };
		F2243C762F047B7A0014071A /* FirebaseCore in Frameworks */ = {isa = PBXBuildFile; productRef = F2243C752F047B7A0014071A /* FirebaseCore */; };
		F2243C782F047B7A0014071A /* FirebaseFirestore in Frameworks */ = {isa = PBXBuildFile; productRef = F2243C772F047B7A0014071A /* FirebaseFirestore */; };
		F2AC0B1A2F2E00760059F676 /* GoogleService-Info.plist in Resources */ = {isa = PBXBuildFile; fileRef = F2AC0B192F2E00760059F676 /* GoogleService-Info.plist */; };
		F2AC0BC22F2E06060059F676 /* SafetyNoticeView.swift in Sources */ = {isa = PBXBuildFile; fileRef = F2AC0BB32F2E06060059F676 /* SafetyNoticeView.swift */; };
		F2AC0BC32F2E06060059F676 /* GoCommuteApp.swift in Sources */ = {isa = PBXBuildFile; fileRef = F2AC0BBA2F2E06060059F676 /* GoCommuteApp.swift */; };
		F2AC0BC52F2E06060059F676 /* AppUser.swift in Sources */ = {isa = PBXBuildFile; fileRef = F2AC0B9A2F2E06060059F676 /* AppUser.swift */; };
		F2AC0BC62F2E06060059F676 /* ContentView.swift in Sources */ = {isa = PBXBuildFile; fileRef = F2AC0BB92F2E06060059F676 /* ContentView.swift */; };
		F2AC0BC72F2E06060059F676 /* RideSearchViewModel.swift in Sources */ = {isa = PBXBuildFile; fileRef = F2AC0BA82F2E06060059F676 /* RideSearchViewModel.swift */; };
		F2AC0BC82F2E06060059F676 /* RideChatViewModel.swift in Sources */ = {isa = PBXBuildFile; fileRef = F2AC0BA62F2E06060059F676 /* RideChatViewModel.swift */; };
		F2AC0BCA2F2E06060059F676 /* RideService.swift in Sources */ = {isa = PBXBuildFile; fileRef = F2AC0BA22F2E06060059F676 /* RideService.swift */; };
		F2AC0BCB2F2E06060059F676 /* RideDetailView.swift in Sources */ = {isa = PBXBuildFile; fileRef = F2AC0BAF2F2E06060059F676 /* RideDetailView.swift */; };
		F2AC0BCC2F2E06060059F676 /* SettingsView.swift in Sources */ = {isa = PBXBuildFile; fileRef = F2AC0BB62F2E06060059F676 /* SettingsView.swift */; };
		F2AC0BCD2F2E06060059F676 /* PendingRideRequest.swift in Sources */ = {isa = PBXBuildFile; fileRef = F2AC0B9B2F2E06060059F676 /* PendingRideRequest.swift */; };
		F2AC0BCE2F2E06060059F676 /* RideChatView.swift in Sources */ = {isa = PBXBuildFile; fileRef = F2AC0BAE2F2E06060059F676 /* RideChatView.swift */; };
		F2AC0BCF2F2E06060059F676 /* AuthViewModel.swift in Sources */ = {isa = PBXBuildFile; fileRef = F2AC0BA42F2E06060059F676 /* AuthViewModel.swift */; };
		F2AC0BD02F2E06060059F676 /* PendingRequestsViewModel.swift in Sources */ = {isa = PBXBuildFile; fileRef = F2AC0BA52F2E06060059F676 /* PendingRequestsViewModel.swift */; };
		F2AC0BD12F2E06060059F676 /* RideDetailViewModel.swift in Sources */ = {isa = PBXBuildFile; fileRef = F2AC0BA72F2E06060059F676 /* RideDetailViewModel.swift */; };
		F2AC0BD22F2E06060059F676 /* RideMessage.swift in Sources */ = {isa = PBXBuildFile; fileRef = F2AC0B9D2F2E06060059F676 /* RideMessage.swift */; };
		F2AC0BD32F2E06060059F676 /* RideRequestStatus.swift in Sources */ = {isa = PBXBuildFile; fileRef = F2AC0B9F2F2E06060059F676 /* RideRequestStatus.swift */; };
		F2AC0BD42F2E06060059F676 /* AuthService.swift in Sources */ = {isa = PBXBuildFile; fileRef = F2AC0BA12F2E06060059F676 /* AuthService.swift */; };
		F2AC0BD52F2E06060059F676 /* RideListView.swift in Sources */ = {isa = PBXBuildFile; fileRef = F2AC0BB02F2E06060059F676 /* RideListView.swift */; };
		F2AC0BD62F2E06060059F676 /* RideViewModel.swift in Sources */ = {isa = PBXBuildFile; fileRef = F2AC0BA92F2E06060059F676 /* RideViewModel.swift */; };
		F2AC0BD72F2E06060059F676 /* PendingRequestsView.swift in Sources */ = {isa = PBXBuildFile; fileRef = F2AC0BAD2F2E06060059F676 /* PendingRequestsView.swift */; };
		F2AC0BD82F2E06060059F676 /* LocationPickerView.swift in Sources */ = {isa = PBXBuildFile; fileRef = F2AC0BAC2F2E06060059F676 /* LocationPickerView.swift */; };
		F2AC0BD92F2E06060059F676 /* RideRequest.swift in Sources */ = {isa = PBXBuildFile; fileRef = F2AC0B9E2F2E06060059F676 /* RideRequest.swift */; };
		F2AC0BDA2F2E06060059F676 /* Ride.swift in Sources */ = {isa = PBXBuildFile; fileRef = F2AC0B9C2F2E06060059F676 /* Ride.swift */; };
		F2AC0BDB2F2E06060059F676 /* AuthView.swift in Sources */ = {isa = PBXBuildFile; fileRef = F2AC0BB52F2E06060059F676 /* AuthView.swift */; };
		F2AC0BDC2F2E06060059F676 /* CreateRideView.swift in Sources */ = {isa = PBXBuildFile; fileRef = F2AC0BAB2F2E06060059F676 /* CreateRideView.swift */; };
		F2AC0BDD2F2E06060059F676 /* RideRowView.swift in Sources */ = {isa = PBXBuildFile; fileRef = F2AC0BB12F2E06060059F676 /* RideRowView.swift */; };
		F2AC0BDE2F2E06060059F676 /* RideSearchView.swift in Sources */ = {isa = PBXBuildFile; fileRef = F2AC0BB22F2E06060059F676 /* RideSearchView.swift */; };
		F2AC0BDF2F2E06060059F676 /* Assets.xcassets in Resources */ = {isa = PBXBuildFile; fileRef = F2AC0BB82F2E06060059F676 /* Assets.xcassets */; };
		F2AC0BE02F2E06060059F676 /* README.md in Resources */ = {isa = PBXBuildFile; fileRef = F2AC0BBE2F2E06060059F676 /* README.md */; };
		F2AC0BE62F2E0CA50059F676 /* LaunchScreen.storyboard in Resources */ = {isa = PBXBuildFile; fileRef = F2AC0BE52F2E0CA50059F676 /* LaunchScreen.storyboard */; };
		F2DD527D2F33AC3F004D4213 /* TermsAcceptanceView.swift in Sources */ = {isa = PBXBuildFile; fileRef = F2DD527C2F33AC3F004D4213 /* TermsAcceptanceView.swift */; };
		F2DD527F2F33ACB9004D4213 /* BlockService.swift in Sources */ = {isa = PBXBuildFile; fileRef = F2DD527E2F33ACB8004D4213 /* BlockService.swift */; };
		F2DD52832F33AE73004D4213 /* ContentFilter.swift in Sources */ = {isa = PBXBuildFile; fileRef = F2DD52822F33AE73004D4213 /* ContentFilter.swift */; };
		F2DD52852F33B096004D4213 /* EmailVerificationView.swift in Sources */ = {isa = PBXBuildFile; fileRef = F2DD52842F33B096004D4213 /* EmailVerificationView.swift */; };
/* End PBXBuildFile section */

/* Begin PBXFileReference section */
		F2243C642F047A1C0014071A /* Commuvia.app */ = {isa = PBXFileReference; explicitFileType = wrapper.application; includeInIndex = 0; path = Commuvia.app; sourceTree = BUILT_PRODUCTS_DIR; };
		F2AC0B192F2E00760059F676 /* GoogleService-Info.plist */ = {isa = PBXFileReference; lastKnownFileType = text.plist.xml; path = "GoogleService-Info.plist"; sourceTree = "<group>"; };
		F2AC0B9A2F2E06060059F676 /* AppUser.swift */ = {isa = PBXFileReference; lastKnownFileType = sourcecode.swift; path = AppUser.swift; sourceTree = "<group>"; };
		F2AC0B9B2F2E06060059F676 /* PendingRideRequest.swift */ = {isa = PBXFileReference; lastKnownFileType = sourcecode.swift; path = PendingRideRequest.swift; sourceTree = "<group>"; };
		F2AC0B9C2F2E06060059F676 /* Ride.swift */ = {isa = PBXFileReference; lastKnownFileType = sourcecode.swift; path = Ride.swift; sourceTree = "<group>"; };
		F2AC0B9D2F2E06060059F676 /* RideMessage.swift */ = {isa = PBXFileReference; lastKnownFileType = sourcecode.swift; path = RideMessage.swift; sourceTree = "<group>"; };
		F2AC0B9E2F2E06060059F676 /* RideRequest.swift */ = {isa = PBXFileReference; lastKnownFileType = sourcecode.swift; path = RideRequest.swift; sourceTree = "<group>"; };
		F2AC0B9F2F2E06060059F676 /* RideRequestStatus.swift */ = {isa = PBXFileReference; lastKnownFileType = sourcecode.swift; path = RideRequestStatus.swift; sourceTree = "<group>"; };
		F2AC0BA12F2E06060059F676 /* AuthService.swift */ = {isa = PBXFileReference; lastKnownFileType = sourcecode.swift; path = AuthService.swift; sourceTree = "<group>"; };
		F2AC0BA22F2E06060059F676 /* RideService.swift */ = {isa = PBXFileReference; lastKnownFileType = sourcecode.swift; path = RideService.swift; sourceTree = "<group>"; };
		F2AC0BA42F2E06060059F676 /* AuthViewModel.swift */ = {isa = PBXFileReference; lastKnownFileType = sourcecode.swift; path = AuthViewModel.swift; sourceTree = "<group>"; };
		F2AC0BA52F2E06060059F676 /* PendingRequestsViewModel.swift */ = {isa = PBXFileReference; lastKnownFileType = sourcecode.swift; path = PendingRequestsViewModel.swift; sourceTree = "<group>"; };
		F2AC0BA62F2E06060059F676 /* RideChatViewModel.swift */ = {isa = PBXFileReference; lastKnownFileType = sourcecode.swift; path = RideChatViewModel.swift; sourceTree = "<group>"; };
		F2AC0BA72F2E06060059F676 /* RideDetailViewModel.swift */ = {isa = PBXFileReference; lastKnownFileType = sourcecode.swift; path = RideDetailViewModel.swift; sourceTree = "<group>"; };
		F2AC0BA82F2E06060059F676 /* RideSearchViewModel.swift */ = {isa = PBXFileReference; lastKnownFileType = sourcecode.swift; path = RideSearchViewModel.swift; sourceTree = "<group>"; };
		F2AC0BA92F2E06060059F676 /* RideViewModel.swift */ = {isa = PBXFileReference; lastKnownFileType = sourcecode.swift; path = RideViewModel.swift; sourceTree = "<group>"; };
		F2AC0BAB2F2E06060059F676 /* CreateRideView.swift */ = {isa = PBXFileReference; lastKnownFileType = sourcecode.swift; path = CreateRideView.swift; sourceTree = "<group>"; };
		F2AC0BAC2F2E06060059F676 /* LocationPickerView.swift */ = {isa = PBXFileReference; lastKnownFileType = sourcecode.swift; path = LocationPickerView.swift; sourceTree = "<group>"; };
		F2AC0BAD2F2E06060059F676 /* PendingRequestsView.swift */ = {isa = PBXFileReference; lastKnownFileType = sourcecode.swift; path = PendingRequestsView.swift; sourceTree = "<group>"; };
		F2AC0BAE2F2E06060059F676 /* RideChatView.swift */ = {isa = PBXFileReference; lastKnownFileType = sourcecode.swift; path = RideChatView.swift; sourceTree = "<group>"; };
		F2AC0BAF2F2E06060059F676 /* RideDetailView.swift */ = {isa = PBXFileReference; lastKnownFileType = sourcecode.swift; path = RideDetailView.swift; sourceTree = "<group>"; };
		F2AC0BB02F2E06060059F676 /* RideListView.swift */ = {isa = PBXFileReference; lastKnownFileType = sourcecode.swift; path = RideListView.swift; sourceTree = "<group>"; };
		F2AC0BB12F2E06060059F676 /* RideRowView.swift */ = {isa = PBXFileReference; lastKnownFileType = sourcecode.swift; path = RideRowView.swift; sourceTree = "<group>"; };
		F2AC0BB22F2E06060059F676 /* RideSearchView.swift */ = {isa = PBXFileReference; lastKnownFileType = sourcecode.swift; path = RideSearchView.swift; sourceTree = "<group>"; };
		F2AC0BB32F2E06060059F676 /* SafetyNoticeView.swift */ = {isa = PBXFileReference; lastKnownFileType = sourcecode.swift; path = SafetyNoticeView.swift; sourceTree = "<group>"; };
		F2AC0BB52F2E06060059F676 /* AuthView.swift */ = {isa = PBXFileReference; lastKnownFileType = sourcecode.swift; path = AuthView.swift; sourceTree = "<group>"; };
		F2AC0BB62F2E06060059F676 /* SettingsView.swift */ = {isa = PBXFileReference; lastKnownFileType = sourcecode.swift; path = SettingsView.swift; sourceTree = "<group>"; };
		F2AC0BB82F2E06060059F676 /* Assets.xcassets */ = {isa = PBXFileReference; lastKnownFileType = folder.assetcatalog; path = Assets.xcassets; sourceTree = "<group>"; };
		F2AC0BB92F2E06060059F676 /* ContentView.swift */ = {isa = PBXFileReference; lastKnownFileType = sourcecode.swift; path = ContentView.swift; sourceTree = "<group>"; };
		F2AC0BBA2F2E06060059F676 /* GoCommuteApp.swift */ = {isa = PBXFileReference; lastKnownFileType = sourcecode.swift; path = GoCommuteApp.swift; sourceTree = "<group>"; };
		F2AC0BBE2F2E06060059F676 /* README.md */ = {isa = PBXFileReference; lastKnownFileType = net.daringfireball.markdown; path = README.md; sourceTree = "<group>"; };
		F2AC0BE52F2E0CA50059F676 /* LaunchScreen.storyboard */ = {isa = PBXFileReference; lastKnownFileType = file.storyboard; path = LaunchScreen.storyboard; sourceTree = "<group>"; };
		F2DD527C2F33AC3F004D4213 /* TermsAcceptanceView.swift */ = {isa = PBXFileReference; lastKnownFileType = sourcecode.swift; path = TermsAcceptanceView.swift; sourceTree = "<group>"; };
		F2DD527E2F33ACB8004D4213 /* BlockService.swift */ = {isa = PBXFileReference; lastKnownFileType = sourcecode.swift; path = BlockService.swift; sourceTree = "<group>"; };
		F2DD52822F33AE73004D4213 /* ContentFilter.swift */ = {isa = PBXFileReference; lastKnownFileType = sourcecode.swift; path = ContentFilter.swift; sourceTree = "<group>"; };
		F2DD52842F33B096004D4213 /* EmailVerificationView.swift */ = {isa = PBXFileReference; lastKnownFileType = sourcecode.swift; path = EmailVerificationView.swift; sourceTree = "<group>"; };
/* End PBXFileReference section */

/* Begin PBXFileSystemSynchronizedRootGroup section */
		F2DD52862F33B336004D4213 /* Account */ = {
			isa = PBXFileSystemSynchronizedRootGroup;
			path = Account;
			sourceTree = "<group>";
		};
/* End PBXFileSystemSynchronizedRootGroup section */

/* Begin PBXFrameworksBuildPhase section */
		F2243C612F047A1C0014071A /* Frameworks */ = {
			isa = PBXFrameworksBuildPhase;
			buildActionMask = 2147483647;
			files = (
				F2243C762F047B7A0014071A /* FirebaseCore in Frameworks */,
				F2243C742F047B7A0014071A /* FirebaseAuth in Frameworks */,
				F2243C782F047B7A0014071A /* FirebaseFirestore in Frameworks */,
			);
			runOnlyForDeploymentPostprocessing = 0;
		};
/* End PBXFrameworksBuildPhase section */

/* Begin PBXGroup section */
		F2243C5B2F047A1C0014071A = {
			isa = PBXGroup;
			children = (
				F2AC0BBC2F2E06060059F676 /* Commuvia */,
				F2AC0BBE2F2E06060059F676 /* README.md */,
				F2AC0B192F2E00760059F676 /* GoogleService-Info.plist */,
				F2243C652F047A1C0014071A /* Products */,
			);
			sourceTree = "<group>";
		};
		F2243C652F047A1C0014071A /* Products */ = {
			isa = PBXGroup;
			children = (
				F2243C642F047A1C0014071A /* Commuvia.app */,
			);
			name = Products;
			sourceTree = "<group>";
		};
		F2AC0BA02F2E06060059F676 /* Models */ = {
			isa = PBXGroup;
			children = (
				F2AC0B9A2F2E06060059F676 /* AppUser.swift */,
				F2AC0B9B2F2E06060059F676 /* PendingRideRequest.swift */,
				F2AC0B9C2F2E06060059F676 /* Ride.swift */,
				F2AC0B9D2F2E06060059F676 /* RideMessage.swift */,
				F2AC0B9E2F2E06060059F676 /* RideRequest.swift */,
				F2AC0B9F2F2E06060059F676 /* RideRequestStatus.swift */,
			);
			path = Models;
			sourceTree = "<group>";
		};
		F2AC0BA32F2E06060059F676 /* Services */ = {
			isa = PBXGroup;
			children = (
				F2DD52822F33AE73004D4213 /* ContentFilter.swift */,
				F2DD527E2F33ACB8004D4213 /* BlockService.swift */,
				F2AC0BA12F2E06060059F676 /* AuthService.swift */,
				F2AC0BA22F2E06060059F676 /* RideService.swift */,
			);
			path = Services;
			sourceTree = "<group>";
		};
		F2AC0BAA2F2E06060059F676 /* ViewModels */ = {
			isa = PBXGroup;
			children = (
				F2AC0BA42F2E06060059F676 /* AuthViewModel.swift */,
				F2AC0BA52F2E06060059F676 /* PendingRequestsViewModel.swift */,
				F2AC0BA62F2E06060059F676 /* RideChatViewModel.swift */,
				F2AC0BA72F2E06060059F676 /* RideDetailViewModel.swift */,
				F2AC0BA82F2E06060059F676 /* RideSearchViewModel.swift */,
				F2AC0BA92F2E06060059F676 /* RideViewModel.swift */,
			);
			path = ViewModels;
			sourceTree = "<group>";
		};
		F2AC0BB42F2E06060059F676 /* Rides */ = {
			isa = PBXGroup;
			children = (
				F2AC0BAB2F2E06060059F676 /* CreateRideView.swift */,
				F2AC0BAC2F2E06060059F676 /* LocationPickerView.swift */,
				F2AC0BAD2F2E06060059F676 /* PendingRequestsView.swift */,
				F2AC0BAE2F2E06060059F676 /* RideChatView.swift */,
				F2AC0BAF2F2E06060059F676 /* RideDetailView.swift */,
				F2AC0BB02F2E06060059F676 /* RideListView.swift */,
				F2AC0BB12F2E06060059F676 /* RideRowView.swift */,
				F2AC0BB22F2E06060059F676 /* RideSearchView.swift */,
				F2AC0BB32F2E06060059F676 /* SafetyNoticeView.swift */,
			);
			path = Rides;
			sourceTree = "<group>";
		};
		F2AC0BB72F2E06060059F676 /* Views */ = {
			isa = PBXGroup;
			children = (
				F2DD52862F33B336004D4213 /* Account */,
				F2DD52842F33B096004D4213 /* EmailVerificationView.swift */,
				F2DD527C2F33AC3F004D4213 /* TermsAcceptanceView.swift */,
				F2AC0BB42F2E06060059F676 /* Rides */,
				F2AC0BB52F2E06060059F676 /* AuthView.swift */,
				F2AC0BB62F2E06060059F676 /* SettingsView.swift */,
			);
			path = Views;
			sourceTree = "<group>";
		};
		F2AC0BBC2F2E06060059F676 /* Commuvia */ = {
			isa = PBXGroup;
			children = (
				F2AC0BA02F2E06060059F676 /* Models */,
				F2AC0BA32F2E06060059F676 /* Services */,
				F2AC0BAA2F2E06060059F676 /* ViewModels */,
				F2AC0BB72F2E06060059F676 /* Views */,
				F2AC0BB82F2E06060059F676 /* Assets.xcassets */,
				F2AC0BE52F2E0CA50059F676 /* LaunchScreen.storyboard */,
				F2AC0BB92F2E06060059F676 /* ContentView.swift */,
				F2AC0BBA2F2E06060059F676 /* GoCommuteApp.swift */,
			);
			path = Commuvia;
			sourceTree = "<group>";
		};
/* End PBXGroup section */

/* Begin PBXNativeTarget section */
		F2243C632F047A1C0014071A /* Commuvia */ = {
			isa = PBXNativeTarget;
			buildConfigurationList = F2243C6F2F047A1E0014071A /* Build configuration list for PBXNativeTarget "Commuvia" */;
			buildPhases = (
				F2243C602F047A1C0014071A /* Sources */,
				F2243C612F047A1C0014071A /* Frameworks */,
				F2243C622F047A1C0014071A /* Resources */,
			);
			buildRules = (
			);
			dependencies = (
			);
			fileSystemSynchronizedGroups = (
				F2DD52862F33B336004D4213 /* Account */,
			);
			name = Commuvia;
			packageProductDependencies = (
				F2243C732F047B7A0014071A /* FirebaseAuth */,
				F2243C752F047B7A0014071A /* FirebaseCore */,
				F2243C772F047B7A0014071A /* FirebaseFirestore */,
			);
			productName = PoolPals;
			productReference = F2243C642F047A1C0014071A /* Commuvia.app */;
			productType = "com.apple.product-type.application";
		};
/* End PBXNativeTarget section */

/* Begin PBXProject section */
		F2243C5C2F047A1C0014071A /* Project object */ = {
			isa = PBXProject;
			attributes = {
				BuildIndependentTargetsInParallel = 1;
				LastSwiftUpdateCheck = 2620;
				LastUpgradeCheck = 2620;
				TargetAttributes = {
					F2243C632F047A1C0014071A = {
						CreatedOnToolsVersion = 26.2;
					};
				};
			};
			buildConfigurationList = F2243C5F2F047A1C0014071A /* Build configuration list for PBXProject "Commuvia" */;
			developmentRegion = en;
			hasScannedForEncodings = 0;
			knownRegions = (
				en,
				Base,
			);
			mainGroup = F2243C5B2F047A1C0014071A;
			minimizedProjectReferenceProxies = 1;
			packageReferences = (
				F2243C722F047B7A0014071A /* XCRemoteSwiftPackageReference "firebase-ios-sdk" */,
			);
			preferredProjectObjectVersion = 77;
			productRefGroup = F2243C652F047A1C0014071A /* Products */;
			projectDirPath = "";
			projectRoot = "";
			targets = (
				F2243C632F047A1C0014071A /* Commuvia */,
			);
		};
/* End PBXProject section */

/* Begin PBXResourcesBuildPhase section */
		F2243C622F047A1C0014071A /* Resources */ = {
			isa = PBXResourcesBuildPhase;
			buildActionMask = 2147483647;
			files = (
				F2AC0BDF2F2E06060059F676 /* Assets.xcassets in Resources */,
				F2AC0BE62F2E0CA50059F676 /* LaunchScreen.storyboard in Resources */,
				F2AC0BE02F2E06060059F676 /* README.md in Resources */,
				F2AC0B1A2F2E00760059F676 /* GoogleService-Info.plist in Resources */,
			);
			runOnlyForDeploymentPostprocessing = 0;
		};
/* End PBXResourcesBuildPhase section */

/* Begin PBXSourcesBuildPhase section */
		F2243C602F047A1C0014071A /* Sources */ = {
			isa = PBXSourcesBuildPhase;
			buildActionMask = 2147483647;
			files = (
				F2AC0BC22F2E06060059F676 /* SafetyNoticeView.swift in Sources */,
				F2DD52852F33B096004D4213 /* EmailVerificationView.swift in Sources */,
				F2AC0BC32F2E06060059F676 /* GoCommuteApp.swift in Sources */,
				F2AC0BC52F2E06060059F676 /* AppUser.swift in Sources */,
				F2AC0BC62F2E06060059F676 /* ContentView.swift in Sources */,
				F2AC0BC72F2E06060059F676 /* RideSearchViewModel.swift in Sources */,
				F2AC0BC82F2E06060059F676 /* RideChatViewModel.swift in Sources */,
				F2AC0BCA2F2E06060059F676 /* RideService.swift in Sources */,
				F2AC0BCB2F2E06060059F676 /* RideDetailView.swift in Sources */,
				F2AC0BCC2F2E06060059F676 /* SettingsView.swift in Sources */,
				F2AC0BCD2F2E06060059F676 /* PendingRideRequest.swift in Sources */,
				F2AC0BCE2F2E06060059F676 /* RideChatView.swift in Sources */,
				F2DD527F2F33ACB9004D4213 /* BlockService.swift in Sources */,
				F2AC0BCF2F2E06060059F676 /* AuthViewModel.swift in Sources */,
				F2AC0BD02F2E06060059F676 /* PendingRequestsViewModel.swift in Sources */,
				F2AC0BD12F2E06060059F676 /* RideDetailViewModel.swift in Sources */,
				F2AC0BD22F2E06060059F676 /* RideMessage.swift in Sources */,
				F2AC0BD32F2E06060059F676 /* RideRequestStatus.swift in Sources */,
				F2AC0BD42F2E06060059F676 /* AuthService.swift in Sources */,
				F2AC0BD52F2E06060059F676 /* RideListView.swift in Sources */,
				F2AC0BD62F2E06060059F676 /* RideViewModel.swift in Sources */,
				F2AC0BD72F2E06060059F676 /* PendingRequestsView.swift in Sources */,
				F2DD52832F33AE73004D4213 /* ContentFilter.swift in Sources */,
				F2AC0BD82F2E06060059F676 /* LocationPickerView.swift in Sources */,
				F2AC0BD92F2E06060059F676 /* RideRequest.swift in Sources */,
				F2AC0BDA2F2E06060059F676 /* Ride.swift in Sources */,
				F2AC0BDB2F2E06060059F676 /* AuthView.swift in Sources */,
				F2AC0BDC2F2E06060059F676 /* CreateRideView.swift in Sources */,
				F2DD527D2F33AC3F004D4213 /* TermsAcceptanceView.swift in Sources */,
				F2AC0BDD2F2E06060059F676 /* RideRowView.swift in Sources */,
				F2AC0BDE2F2E06060059F676 /* RideSearchView.swift in Sources */,
			);
			runOnlyForDeploymentPostprocessing = 0;
		};
/* End PBXSourcesBuildPhase section */

/* Begin XCBuildConfiguration section */
		F2243C6D2F047A1E0014071A /* Debug */ = {
			isa = XCBuildConfiguration;
			buildSettings = {
				ALWAYS_SEARCH_USER_PATHS = NO;
				ASSETCATALOG_COMPILER_GENERATE_SWIFT_ASSET_SYMBOL_EXTENSIONS = YES;
				CLANG_ANALYZER_NONNULL = YES;
				CLANG_ANALYZER_NUMBER_OBJECT_CONVERSION = YES_AGGRESSIVE;
				CLANG_CXX_LANGUAGE_STANDARD = "gnu++20";
				CLANG_ENABLE_MODULES = YES;
				CLANG_ENABLE_OBJC_ARC = YES;
				CLANG_ENABLE_OBJC_WEAK = YES;
				CLANG_WARN_BLOCK_CAPTURE_AUTORELEASING = YES;
				CLANG_WARN_BOOL_CONVERSION = YES;
				CLANG_WARN_COMMA = YES;
				CLANG_WARN_CONSTANT_CONVERSION = YES;
				CLANG_WARN_DEPRECATED_OBJC_IMPLEMENTATIONS = YES;
				CLANG_WARN_DIRECT_OBJC_ISA_USAGE = YES_ERROR;
				CLANG_WARN_DOCUMENTATION_COMMENTS = YES;
				CLANG_WARN_EMPTY_BODY = YES;
				CLANG_WARN_ENUM_CONVERSION = YES;
				CLANG_WARN_INFINITE_RECURSION = YES;
				CLANG_WARN_INT_CONVERSION = YES;
				CLANG_WARN_NON_LITERAL_NULL_CONVERSION = YES;
				CLANG_WARN_OBJC_IMPLICIT_RETAIN_SELF = YES;
				CLANG_WARN_OBJC_LITERAL_CONVERSION = YES;
				CLANG_WARN_OBJC_ROOT_CLASS = YES_ERROR;
				CLANG_WARN_QUOTED_INCLUDE_IN_FRAMEWORK_HEADER = YES;
				CLANG_WARN_RANGE_LOOP_ANALYSIS = YES;
				CLANG_WARN_STRICT_PROTOTYPES = YES;
				CLANG_WARN_SUSPICIOUS_MOVE = YES;
				CLANG_WARN_UNGUARDED_AVAILABILITY = YES_AGGRESSIVE;
				CLANG_WARN_UNREACHABLE_CODE = YES;
				CLANG_WARN__DUPLICATE_METHOD_MATCH = YES;
				COPY_PHASE_STRIP = NO;
				DEBUG_INFORMATION_FORMAT = dwarf;
				DEVELOPMENT_TEAM = 39T356G823;
				ENABLE_STRICT_OBJC_MSGSEND = YES;
				ENABLE_TESTABILITY = YES;
				ENABLE_USER_SCRIPT_SANDBOXING = YES;
				GCC_C_LANGUAGE_STANDARD = gnu17;
				GCC_DYNAMIC_NO_PIC = NO;
				GCC_NO_COMMON_BLOCKS = YES;
				GCC_OPTIMIZATION_LEVEL = 0;
				GCC_PREPROCESSOR_DEFINITIONS = (
					"DEBUG=1",
					"$(inherited)",
				);
				GCC_WARN_64_TO_32_BIT_CONVERSION = YES;
				GCC_WARN_ABOUT_RETURN_TYPE = YES_ERROR;
				GCC_WARN_UNDECLARED_SELECTOR = YES;
				GCC_WARN_UNINITIALIZED_AUTOS = YES_AGGRESSIVE;
				GCC_WARN_UNUSED_FUNCTION = YES;
				GCC_WARN_UNUSED_VARIABLE = YES;
				IPHONEOS_DEPLOYMENT_TARGET = 26.2;
				LOCALIZATION_PREFERS_STRING_CATALOGS = YES;
				MTL_ENABLE_DEBUG_INFO = INCLUDE_SOURCE;
				MTL_FAST_MATH = YES;
				ONLY_ACTIVE_ARCH = YES;
				SDKROOT = iphoneos;
				SWIFT_ACTIVE_COMPILATION_CONDITIONS = "DEBUG $(inherited)";
				SWIFT_OPTIMIZATION_LEVEL = "-Onone";
			};
			name = Debug;
		};
		F2243C6E2F047A1E0014071A /* Release */ = {
			isa = XCBuildConfiguration;
			buildSettings = {
				ALWAYS_SEARCH_USER_PATHS = NO;
				ASSETCATALOG_COMPILER_GENERATE_SWIFT_ASSET_SYMBOL_EXTENSIONS = YES;
				CLANG_ANALYZER_NONNULL = YES;
				CLANG_ANALYZER_NUMBER_OBJECT_CONVERSION = YES_AGGRESSIVE;
				CLANG_CXX_LANGUAGE_STANDARD = "gnu++20";
				CLANG_ENABLE_MODULES = YES;
				CLANG_ENABLE_OBJC_ARC = YES;
				CLANG_ENABLE_OBJC_WEAK = YES;
				CLANG_WARN_BLOCK_CAPTURE_AUTORELEASING = YES;
				CLANG_WARN_BOOL_CONVERSION = YES;
				CLANG_WARN_COMMA = YES;
				CLANG_WARN_CONSTANT_CONVERSION = YES;
				CLANG_WARN_DEPRECATED_OBJC_IMPLEMENTATIONS = YES;
				CLANG_WARN_DIRECT_OBJC_ISA_USAGE = YES_ERROR;
				CLANG_WARN_DOCUMENTATION_COMMENTS = YES;
				CLANG_WARN_EMPTY_BODY = YES;
				CLANG_WARN_ENUM_CONVERSION = YES;
				CLANG_WARN_INFINITE_RECURSION = YES;
				CLANG_WARN_INT_CONVERSION = YES;
				CLANG_WARN_NON_LITERAL_NULL_CONVERSION = YES;
				CLANG_WARN_OBJC_IMPLICIT_RETAIN_SELF = YES;
				CLANG_WARN_OBJC_LITERAL_CONVERSION = YES;
				CLANG_WARN_OBJC_ROOT_CLASS = YES_ERROR;
				CLANG_WARN_QUOTED_INCLUDE_IN_FRAMEWORK_HEADER = YES;
				CLANG_WARN_RANGE_LOOP_ANALYSIS = YES;
				CLANG_WARN_STRICT_PROTOTYPES = YES;
				CLANG_WARN_SUSPICIOUS_MOVE = YES;
				CLANG_WARN_UNGUARDED_AVAILABILITY = YES_AGGRESSIVE;
				CLANG_WARN_UNREACHABLE_CODE = YES;
				CLANG_WARN__DUPLICATE_METHOD_MATCH = YES;
				COPY_PHASE_STRIP = NO;
				DEBUG_INFORMATION_FORMAT = "dwarf-with-dsym";
				DEVELOPMENT_TEAM = 39T356G823;
				ENABLE_NS_ASSERTIONS = NO;
				ENABLE_STRICT_OBJC_MSGSEND = YES;
				ENABLE_USER_SCRIPT_SANDBOXING = YES;
				GCC_C_LANGUAGE_STANDARD = gnu17;
				GCC_NO_COMMON_BLOCKS = YES;
				GCC_WARN_64_TO_32_BIT_CONVERSION = YES;
				GCC_WARN_ABOUT_RETURN_TYPE = YES_ERROR;
				GCC_WARN_UNDECLARED_SELECTOR = YES;
				GCC_WARN_UNINITIALIZED_AUTOS = YES_AGGRESSIVE;
				GCC_WARN_UNUSED_FUNCTION = YES;
				GCC_WARN_UNUSED_VARIABLE = YES;
				IPHONEOS_DEPLOYMENT_TARGET = 26.2;
				LOCALIZATION_PREFERS_STRING_CATALOGS = YES;
				MTL_ENABLE_DEBUG_INFO = NO;
				MTL_FAST_MATH = YES;
				SDKROOT = iphoneos;
				SWIFT_COMPILATION_MODE = wholemodule;
				VALIDATE_PRODUCT = YES;
			};
			name = Release;
		};
		F2243C702F047A1E0014071A /* Debug */ = {
			isa = XCBuildConfiguration;
			buildSettings = {
				ASSETCATALOG_COMPILER_APPICON_NAME = AppIcon;
				ASSETCATALOG_COMPILER_GLOBAL_ACCENT_COLOR_NAME = AccentColor;
				CODE_SIGN_STYLE = Automatic;
				CURRENT_PROJECT_VERSION = 1;
				DEVELOPMENT_TEAM = 39T356G823;
				ENABLE_PREVIEWS = YES;
				GENERATE_INFOPLIST_FILE = YES;
				INFOPLIST_KEY_UIApplicationSceneManifest_Generation = YES;
				INFOPLIST_KEY_UIApplicationSupportsIndirectInputEvents = YES;
				INFOPLIST_KEY_UILaunchScreen_Generation = YES;
				INFOPLIST_KEY_UISupportedInterfaceOrientations_iPad = "UIInterfaceOrientationPortrait UIInterfaceOrientationPortraitUpsideDown UIInterfaceOrientationLandscapeLeft UIInterfaceOrientationLandscapeRight";
				INFOPLIST_KEY_UISupportedInterfaceOrientations_iPhone = "UIInterfaceOrientationPortrait UIInterfaceOrientationLandscapeLeft UIInterfaceOrientationLandscapeRight";
				LD_RUNPATH_SEARCH_PATHS = (
					"$(inherited)",
					"@executable_path/Frameworks",
				);
				MARKETING_VERSION = 1.0;
				PRODUCT_BUNDLE_IDENTIFIER = com.priyataliyan.Gocommute;
				PRODUCT_NAME = "$(TARGET_NAME)";
				STRING_CATALOG_GENERATE_SYMBOLS = YES;
				SWIFT_APPROACHABLE_CONCURRENCY = YES;
				SWIFT_DEFAULT_ACTOR_ISOLATION = MainActor;
				SWIFT_EMIT_LOC_STRINGS = YES;
				SWIFT_UPCOMING_FEATURE_MEMBER_IMPORT_VISIBILITY = YES;
				SWIFT_VERSION = 5.0;
				TARGETED_DEVICE_FAMILY = "1,2";
			};
			name = Debug;
		};
		F2243C712F047A1E0014071A /* Release */ = {
			isa = XCBuildConfiguration;
			buildSettings = {
				ASSETCATALOG_COMPILER_APPICON_NAME = AppIcon;
				ASSETCATALOG_COMPILER_GLOBAL_ACCENT_COLOR_NAME = AccentColor;
				CODE_SIGN_STYLE = Automatic;
				CURRENT_PROJECT_VERSION = 1;
				DEVELOPMENT_TEAM = 39T356G823;
				ENABLE_PREVIEWS = YES;
				GENERATE_INFOPLIST_FILE = YES;
				INFOPLIST_KEY_UIApplicationSceneManifest_Generation = YES;
				INFOPLIST_KEY_UIApplicationSupportsIndirectInputEvents = YES;
				INFOPLIST_KEY_UILaunchScreen_Generation = YES;
				INFOPLIST_KEY_UISupportedInterfaceOrientations_iPad = "UIInterfaceOrientationPortrait UIInterfaceOrientationPortraitUpsideDown UIInterfaceOrientationLandscapeLeft UIInterfaceOrientationLandscapeRight";
				INFOPLIST_KEY_UISupportedInterfaceOrientations_iPhone = "UIInterfaceOrientationPortrait UIInterfaceOrientationLandscapeLeft UIInterfaceOrientationLandscapeRight";
				LD_RUNPATH_SEARCH_PATHS = (
					"$(inherited)",
					"@executable_path/Frameworks",
				);
				MARKETING_VERSION = 1.0;
				PRODUCT_BUNDLE_IDENTIFIER = com.priyataliyan.Gocommute;
				PRODUCT_NAME = "$(TARGET_NAME)";
				STRING_CATALOG_GENERATE_SYMBOLS = YES;
				SWIFT_APPROACHABLE_CONCURRENCY = YES;
				SWIFT_DEFAULT_ACTOR_ISOLATION = MainActor;
				SWIFT_EMIT_LOC_STRINGS = YES;
				SWIFT_UPCOMING_FEATURE_MEMBER_IMPORT_VISIBILITY = YES;
				SWIFT_VERSION = 5.0;
				TARGETED_DEVICE_FAMILY = "1,2";
			};
			name = Release;
		};
/* End XCBuildConfiguration section */

/* Begin XCConfigurationList section */
		F2243C5F2F047A1C0014071A /* Build configuration list for PBXProject "Commuvia" */ = {
			isa = XCConfigurationList;
			buildConfigurations = (
				F2243C6D2F047A1E0014071A /* Debug */,
				F2243C6E2F047A1E0014071A /* Release */,
			);
			defaultConfigurationIsVisible = 0;
			defaultConfigurationName = Release;
		};
		F2243C6F2F047A1E0014071A /* Build configuration list for PBXNativeTarget "Commuvia" */ = {
			isa = XCConfigurationList;
			buildConfigurations = (
				F2243C702F047A1E0014071A /* Debug */,
				F2243C712F047A1E0014071A /* Release */,
			);
			defaultConfigurationIsVisible = 0;
			defaultConfigurationName = Release;
		};
/* End XCConfigurationList section */

/* Begin XCRemoteSwiftPackageReference section */
		F2243C722F047B7A0014071A /* XCRemoteSwiftPackageReference "firebase-ios-sdk" */ = {
			isa = XCRemoteSwiftPackageReference;
			repositoryURL = "https://github.com/firebase/firebase-ios-sdk";
			requirement = {
				kind = exactVersion;
				version = 12.7.0;
			};
		};
/* End XCRemoteSwiftPackageReference section */

/* Begin XCSwiftPackageProductDependency section */
		F2243C732F047B7A0014071A /* FirebaseAuth */ = {
			isa = XCSwiftPackageProductDependency;
			package = F2243C722F047B7A0014071A /* XCRemoteSwiftPackageReference "firebase-ios-sdk" */;
			productName = FirebaseAuth;
		};
		F2243C752F047B7A0014071A /* FirebaseCore */ = {
			isa = XCSwiftPackageProductDependency;
			package = F2243C722F047B7A0014071A /* XCRemoteSwiftPackageReference "firebase-ios-sdk" */;
			productName = FirebaseCore;
		};
		F2243C772F047B7A0014071A /* FirebaseFirestore */ = {
			isa = XCSwiftPackageProductDependency;
			package = F2243C722F047B7A0014071A /* XCRemoteSwiftPackageReference "firebase-ios-sdk" */;
			productName = FirebaseFirestore;
		};
/* End XCSwiftPackageProductDependency section */
	};
	rootObject = F2243C5C2F047A1C0014071A /* Project object */;
}
